
Microsoft Visual Studio Solution File, Format Version 12.00
# Visual Studio Version 16
VisualStudioVersion = 16.0.30320.27
MinimumVisualStudioVersion = 10.0.40219.1
Project("{9A19103F-16F7-4668-BE54-9A1E7A4F7556}") = "Scraper", "Scraper\Scraper.csproj", "{6B8FE677-5266-4E4C-A024-61B372C915A1}"
EndProject
Project("{9A19103F-16F7-4668-BE54-9A1E7A4F7556}") = "GoogleApi", "GoogleApi\GoogleApi.csproj", "{4C82EAA7-DF74-4827-9AC3-4A943FEBD9DF}"
EndProject
Project("{9A19103F-16F7-4668-BE54-9A1E7A4F7556}") = "LeetcodeApi", "LeetcodeApi\LeetcodeApi.csproj", "{3BB19428-D03B-46BA-A226-5F8039911AB8}"
EndProject
Project("{9A19103F-16F7-4668-BE54-9A1E7A4F7556}") = "ChromeTools", "ChromeTools\ChromeTools.csproj", "{E4511AFD-FFDB-4FF9-A54D-8F1197436666}"
EndProject
Project("{FAE04EC0-301F-11D3-BF4B-00C04F79EFBC}") = "Scraper.Abstractions", "Scraper.Abstractions\Scraper.Abstractions.csproj", "{F6B00573-4EAF-4711-8E96-49CCA5F69F7A}"
EndProject
Global
	GlobalSection(SolutionConfigurationPlatforms) = preSolution
		Debug|Any CPU = Debug|Any CPU
		Release|Any CPU = Release|Any CPU
	EndGlobalSection
	GlobalSection(ProjectConfigurationPlatforms) = postSolution
		{6B8FE677-5266-4E4C-A024-61B372C915A1}.Debug|Any CPU.ActiveCfg = Debug|Any CPU
		{6B8FE677-5266-4E4C-A024-61B372C915A1}.Debug|Any CPU.Build.0 = Debug|Any CPU
		{6B8FE677-5266-4E4C-A024-61B372C915A1}.Release|Any CPU.ActiveCfg = Release|Any CPU
		{6B8FE677-5266-4E4C-A024-61B372C915A1}.Release|Any CPU.Build.0 = Release|Any CPU
		{4C82EAA7-DF74-4827-9AC3-4A943FEBD9DF}.Debug|Any CPU.ActiveCfg = Debug|Any CPU
		{4C82EAA7-DF74-4827-9AC3-4A943FEBD9DF}.Debug|Any CPU.Build.0 = Debug|Any CPU
		{4C82EAA7-DF74-4827-9AC3-4A943FEBD9DF}.Release|Any CPU.ActiveCfg = Release|Any CPU
		{4C82EAA7-DF74-4827-9AC3-4A943FEBD9DF}.Release|Any CPU.Build.0 = Release|Any CPU
		{3BB19428-D03B-46BA-A226-5F8039911AB8}.Debug|Any CPU.ActiveCfg = Debug|Any CPU
		{3BB19428-D03B-46BA-A226-5F8039911AB8}.Debug|Any CPU.Build.0 = Debug|Any CPU
		{3BB19428-D03B-46BA-A226-5F8039911AB8}.Release|Any CPU.ActiveCfg = Release|Any CPU
		{3BB19428-D03B-46BA-A226-5F8039911AB8}.Release|Any CPU.Build.0 = Release|Any CPU
		{E4511AFD-FFDB-4FF9-A54D-8F1197436666}.Debug|Any CPU.ActiveCfg = Debug|Any CPU
		{E4511AFD-FFDB-4FF9-A54D-8F1197436666}.Debug|Any CPU.Build.0 = Debug|Any CPU
		{E4511AFD-FFDB-4FF9-A54D-8F1197436666}.Release|Any CPU.ActiveCfg = Release|Any CPU
		{E4511AFD-FFDB-4FF9-A54D-8F1197436666}.Release|Any CPU.Build.0 = Release|Any CPU
		{F6B00573-4EAF-4711-8E96-49CCA5F69F7A}.Debug|Any CPU.ActiveCfg = Debug|Any CPU
		{F6B00573-4EAF-4711-8E96-49CCA5F69F7A}.Debug|Any CPU.Build.0 = Debug|Any CPU
		{F6B00573-4EAF-4711-8E96-49CCA5F69F7A}.Release|Any CPU.ActiveCfg = Release|Any CPU
		{F6B00573-4EAF-4711-8E96-49CCA5F69F7A}.Release|Any CPU.Build.0 = Release|Any CPU
	EndGlobalSection
	GlobalSection(SolutionProperties) = preSolution
		HideSolutionNode = FALSE
	EndGlobalSection
	GlobalSection(ExtensibilityGlobals) = postSolution
		SolutionGuid = {31CB0A8D-90A8-4064-B108-B9F2BB985083}
	EndGlobalSection
EndGlobal
